<?xml version="1.0" encoding="utf-8"?>
<Project ToolsVersion="4.0" xmlns="http://schemas.microsoft.com/developer/msbuild/2003">
  <ItemGroup>
    <ClCompile Include="Application.cpp" />
    <ClCompile Include="glad.c" />
    <ClCompile Include="ImGuizmo.cpp" />
    <ClCompile Include="imgui\imgui.cpp" />
    <ClCompile Include="imgui\imgui_demo.cpp" />
    <ClCompile Include="imgui\imgui_draw.cpp" />
    <ClCompile Include="imgui\imgui_impl_glfw.cpp" />
    <ClCompile Include="imgui\imgui_impl_opengl3.cpp" />
    <ClCompile Include="imgui\imgui_widgets.cpp" />
    <ClCompile Include="main.cpp" />
    <ClCompile Include="Shader.cpp" />
    <ClCompile Include="stb_image.cpp" />
    <ClCompile Include="userInterface.cpp" />
    <ClCompile Include="Image.cpp" />
    <ClCompile Include="Camera.cpp" />
    <ClCompile Include="Canvas.cpp" />
    <ClCompile Include="History.cpp" />
    <ClCompile Include="DIPlib.cpp" />
    <ClCompile Include="Action.cpp" />
  </ItemGroup>
  <ItemGroup>
    <ClInclude Include="Application.h" />
    <ClInclude Include="Shader.h" />
    <ClInclude Include="userInterface.h" />
    <ClInclude Include="Image.h" />
    <ClInclude Include="Camera.h" />
    <ClInclude Include="Canvas.h" />
    <ClInclude Include="History.h" />
    <ClInclude Include="DIPlib.h" />
    <ClInclude Include="BGRColor.h" />
    <ClInclude Include="Action.h" />
  </ItemGroup>
  <ItemGroup>
    <None Include="assets\shaders\basic.frag" />
    <None Include="assets\shaders\basic.vert" />
    <None Include="assets\shaders\gridShader.frag" />
    <None Include="assets\shaders\gridShader.vert" />
  </ItemGroup>
</Project>